// !$*UTF8*$!
{
	archiveVersion = 1;
	classes = {
	};
	objectVersion = 50;
	objects = {

/* Begin PBXBuildFile section */
		419CD23A25E43601000C0240 /* Time_TrackerApp.swift in Sources */ = {isa = PBXBuildFile; fileRef = 419CD23925E43601000C0240 /* Time_TrackerApp.swift */; };
		419CD23C25E43601000C0240 /* ContentView.swift in Sources */ = {isa = PBXBuildFile; fileRef = 419CD23B25E43601000C0240 /* ContentView.swift */; };
		419CD23E25E43608000C0240 /* Assets.xcassets in Resources */ = {isa = PBXBuildFile; fileRef = 419CD23D25E43608000C0240 /* Assets.xcassets */; };
		419CD24125E43608000C0240 /* Preview Assets.xcassets in Resources */ = {isa = PBXBuildFile; fileRef = 419CD24025E43608000C0240 /* Preview Assets.xcassets */; };
		419CD24B25E44755000C0240 /* DataController.swift in Sources */ = {isa = PBXBuildFile; fileRef = 419CD24A25E44755000C0240 /* DataController.swift */; };
		419CD24E25E45807000C0240 /* Project.swift in Sources */ = {isa = PBXBuildFile; fileRef = 419CD24D25E45807000C0240 /* Project.swift */; };
		419CD25325E45AD5000C0240 /* AddProjectView.swift in Sources */ = {isa = PBXBuildFile; fileRef = 419CD25225E45AD5000C0240 /* AddProjectView.swift */; };
/* End PBXBuildFile section */

/* Begin PBXFileReference section */
		419CD23625E43601000C0240 /* Time_Tracker.app */ = {isa = PBXFileReference; explicitFileType = wrapper.application; includeInIndex = 0; path = Time_Tracker.app; sourceTree = BUILT_PRODUCTS_DIR; };
		419CD23925E43601000C0240 /* Time_TrackerApp.swift */ = {isa = PBXFileReference; lastKnownFileType = sourcecode.swift; path = Time_TrackerApp.swift; sourceTree = "<group>"; };
		419CD23B25E43601000C0240 /* ContentView.swift */ = {isa = PBXFileReference; lastKnownFileType = sourcecode.swift; path = ContentView.swift; sourceTree = "<group>"; };
		419CD23D25E43608000C0240 /* Assets.xcassets */ = {isa = PBXFileReference; lastKnownFileType = folder.assetcatalog; path = Assets.xcassets; sourceTree = "<group>"; };
		419CD24025E43608000C0240 /* Preview Assets.xcassets */ = {isa = PBXFileReference; lastKnownFileType = folder.assetcatalog; path = "Preview Assets.xcassets"; sourceTree = "<group>"; };
		419CD24225E43608000C0240 /* Info.plist */ = {isa = PBXFileReference; lastKnownFileType = text.plist.xml; path = Info.plist; sourceTree = "<group>"; };
		419CD24A25E44755000C0240 /* DataController.swift */ = {isa = PBXFileReference; lastKnownFileType = sourcecode.swift; path = DataController.swift; sourceTree = "<group>"; };
		419CD24D25E45807000C0240 /* Project.swift */ = {isa = PBXFileReference; lastKnownFileType = sourcecode.swift; path = Project.swift; sourceTree = "<group>"; };
		419CD25225E45AD5000C0240 /* AddProjectView.swift */ = {isa = PBXFileReference; lastKnownFileType = sourcecode.swift; path = AddProjectView.swift; sourceTree = "<group>"; };
/* End PBXFileReference section */

/* Begin PBXFrameworksBuildPhase section */
		419CD23325E43601000C0240 /* Frameworks */ = {
			isa = PBXFrameworksBuildPhase;
			buildActionMask = 2147483647;
			files = (
			);
			runOnlyForDeploymentPostprocessing = 0;
		};
/* End PBXFrameworksBuildPhase section */

/* Begin PBXGroup section */
		419CD22D25E43600000C0240 = {
			isa = PBXGroup;
			children = (
				419CD23825E43601000C0240 /* Time_Tracker */,
				419CD23725E43601000C0240 /* Products */,
			);
			sourceTree = "<group>";
		};
		419CD23725E43601000C0240 /* Products */ = {
			isa = PBXGroup;
			children = (
				419CD23625E43601000C0240 /* Time_Tracker.app */,
			);
			name = Products;
			sourceTree = "<group>";
		};
		419CD23825E43601000C0240 /* Time_Tracker */ = {
			isa = PBXGroup;
			children = (
				419CD25125E45AAF000C0240 /* App */,
				419CD25025E45AA8000C0240 /* Views */,
				419CD24925E4473B000C0240 /* Data */,
				419CD23B25E43601000C0240 /* ContentView.swift */,
				419CD23D25E43608000C0240 /* Assets.xcassets */,
				419CD24225E43608000C0240 /* Info.plist */,
				419CD23F25E43608000C0240 /* Preview Content */,
			);
			path = Time_Tracker;
			sourceTree = "<group>";
		};
		419CD23F25E43608000C0240 /* Preview Content */ = {
			isa = PBXGroup;
			children = (
				419CD24025E43608000C0240 /* Preview Assets.xcassets */,
			);
			path = "Preview Content";
			sourceTree = "<group>";
		};
		419CD24925E4473B000C0240 /* Data */ = {
			isa = PBXGroup;
			children = (
				419CD24A25E44755000C0240 /* DataController.swift */,
				419CD24D25E45807000C0240 /* Project.swift */,
			);
			path = Data;
			sourceTree = "<group>";
		};
		419CD25025E45AA8000C0240 /* Views */ = {
			isa = PBXGroup;
			children = (
				419CD25225E45AD5000C0240 /* AddProjectView.swift */,
			);
			path = Views;
			sourceTree = "<group>";
		};
		419CD25125E45AAF000C0240 /* App */ = {
			isa = PBXGroup;
			children = (
				419CD23925E43601000C0240 /* Time_TrackerApp.swift */,
			);
			path = App;
			sourceTree = "<group>";
		};
/* End PBXGroup section */

/* Begin PBXNativeTarget section */
		419CD23525E43601000C0240 /* Time_Tracker */ = {
			isa = PBXNativeTarget;
			buildConfigurationList = 419CD24525E43608000C0240 /* Build configuration list for PBXNativeTarget "Time_Tracker" */;
			buildPhases = (
				419CD23225E43601000C0240 /* Sources */,
				419CD23325E43601000C0240 /* Frameworks */,
				419CD23425E43601000C0240 /* Resources */,
			);
			buildRules = (
			);
			dependencies = (
			);
			name = Time_Tracker;
			productName = Time_Tracker;
			productReference = 419CD23625E43601000C0240 /* Time_Tracker.app */;
			productType = "com.apple.product-type.application";
		};
/* End PBXNativeTarget section */

/* Begin PBXProject section */
		419CD22E25E43600000C0240 /* Project object */ = {
			isa = PBXProject;
			attributes = {
				LastSwiftUpdateCheck = 1240;
				LastUpgradeCheck = 1240;
				TargetAttributes = {
					419CD23525E43601000C0240 = {
						CreatedOnToolsVersion = 12.4;
					};
				};
			};
			buildConfigurationList = 419CD23125E43600000C0240 /* Build configuration list for PBXProject "Time_Tracker" */;
			compatibilityVersion = "Xcode 9.3";
			developmentRegion = en;
			hasScannedForEncodings = 0;
			knownRegions = (
				en,
				Base,
			);
			mainGroup = 419CD22D25E43600000C0240;
			productRefGroup = 419CD23725E43601000C0240 /* Products */;
			projectDirPath = "";
			projectRoot = "";
			targets = (
				419CD23525E43601000C0240 /* Time_Tracker */,
			);
		};
/* End PBXProject section */

/* Begin PBXResourcesBuildPhase section */
		419CD23425E43601000C0240 /* Resources */ = {
			isa = PBXResourcesBuildPhase;
			buildActionMask = 2147483647;
			files = (
				419CD24125E43608000C0240 /* Preview Assets.xcassets in Resources */,
				419CD23E25E43608000C0240 /* Assets.xcassets in Resources */,
			);
			runOnlyForDeploymentPostprocessing = 0;
		};
/* End PBXResourcesBuildPhase section */

/* Begin PBXSourcesBuildPhase section */
		419CD23225E43601000C0240 /* Sources */ = {
			isa = PBXSourcesBuildPhase;
			buildActionMask = 2147483647;
			files = (
				419CD25325E45AD5000C0240 /* AddProjectView.swift in Sources */,
				419CD23C25E43601000C0240 /* ContentView.swift in Sources */,
				419CD24B25E44755000C0240 /* DataController.swift in Sources */,
				419CD23A25E43601000C0240 /* Time_TrackerApp.swift in Sources */,
				419CD24E25E45807000C0240 /* Project.swift in Sources */,
			);
			runOnlyForDeploymentPostprocessing = 0;
		};
/* End PBXSourcesBuildPhase section */

/* Begin XCBuildConfiguration section */
		419CD24325E43608000C0240 /* Debug */ = {
			isa = XCBuildConfiguration;
			buildSettings = {
				ALWAYS_SEARCH_USER_PATHS = NO;
				CLANG_ANALYZER_NONNULL = YES;
				CLANG_ANALYZER_NUMBER_OBJECT_CONVERSION = YES_AGGRESSIVE;
				CLANG_CXX_LANGUAGE_STANDARD = "gnu++14";
				CLANG_CXX_LIBRARY = "libc++";
				CLANG_ENABLE_MODULES = YES;
				CLANG_ENABLE_OBJC_ARC = YES;
				CLANG_ENABLE_OBJC_WEAK = YES;
				CLANG_WARN_BLOCK_CAPTURE_AUTORELEASING = YES;
				CLANG_WARN_BOOL_CONVERSION = YES;
				CLANG_WARN_COMMA = YES;
				CLANG_WARN_CONSTANT_CONVERSION = YES;
				CLANG_WARN_DEPRECATED_OBJC_IMPLEMENTATIONS = YES;
				CLANG_WARN_DIRECT_OBJC_ISA_USAGE = YES_ERROR;
				CLANG_WARN_DOCUMENTATION_COMMENTS = YES;
				CLANG_WARN_EMPTY_BODY = YES;
				CLANG_WARN_ENUM_CONVERSION = YES;
				CLANG_WARN_INFINITE_RECURSION = YES;
				CLANG_WARN_INT_CONVERSION = YES;
				CLANG_WARN_NON_LITERAL_NULL_CONVERSION = YES;
				CLANG_WARN_OBJC_IMPLICIT_RETAIN_SELF = YES;
				CLANG_WARN_OBJC_LITERAL_CONVERSION = YES;
				CLANG_WARN_OBJC_ROOT_CLASS = YES_ERROR;
				CLANG_WARN_QUOTED_INCLUDE_IN_FRAMEWORK_HEADER = YES;
				CLANG_WARN_RANGE_LOOP_ANALYSIS = YES;
				CLANG_WARN_STRICT_PROTOTYPES = YES;
				CLANG_WARN_SUSPICIOUS_MOVE = YES;
				CLANG_WARN_UNGUARDED_AVAILABILITY = YES_AGGRESSIVE;
				CLANG_WARN_UNREACHABLE_CODE = YES;
				CLANG_WARN__DUPLICATE_METHOD_MATCH = YES;
				COPY_PHASE_STRIP = NO;
				DEBUG_INFORMATION_FORMAT = dwarf;
				ENABLE_STRICT_OBJC_MSGSEND = YES;
				ENABLE_TESTABILITY = YES;
				GCC_C_LANGUAGE_STANDARD = gnu11;
				GCC_DYNAMIC_NO_PIC = NO;
				GCC_NO_COMMON_BLOCKS = YES;
				GCC_OPTIMIZATION_LEVEL = 0;
				GCC_PREPROCESSOR_DEFINITIONS = (
					"DEBUG=1",
					"$(inherited)",
				);
				GCC_WARN_64_TO_32_BIT_CONVERSION = YES;
				GCC_WARN_ABOUT_RETURN_TYPE = YES_ERROR;
				GCC_WARN_UNDECLARED_SELECTOR = YES;
				GCC_WARN_UNINITIALIZED_AUTOS = YES_AGGRESSIVE;
				GCC_WARN_UNUSED_FUNCTION = YES;
				GCC_WARN_UNUSED_VARIABLE = YES;
				IPHONEOS_DEPLOYMENT_TARGET = 14.4;
				MTL_ENABLE_DEBUG_INFO = INCLUDE_SOURCE;
				MTL_FAST_MATH = YES;
				ONLY_ACTIVE_ARCH = YES;
				SDKROOT = iphoneos;
				SWIFT_ACTIVE_COMPILATION_CONDITIONS = DEBUG;
				SWIFT_OPTIMIZATION_LEVEL = "-Onone";
			};
			name = Debug;
		};
		419CD24425E43608000C0240 /* Release */ = {
			isa = XCBuildConfiguration;
			buildSettings = {
				ALWAYS_SEARCH_USER_PATHS = NO;
				CLANG_ANALYZER_NONNULL = YES;
				CLANG_ANALYZER_NUMBER_OBJECT_CONVERSION = YES_AGGRESSIVE;
				CLANG_CXX_LANGUAGE_STANDARD = "gnu++14";
				CLANG_CXX_LIBRARY = "libc++";
				CLANG_ENABLE_MODULES = YES;
				CLANG_ENABLE_OBJC_ARC = YES;
				CLANG_ENABLE_OBJC_WEAK = YES;
				CLANG_WARN_BLOCK_CAPTURE_AUTORELEASING = YES;
				CLANG_WARN_BOOL_CONVERSION = YES;
				CLANG_WARN_COMMA = YES;
				CLANG_WARN_CONSTANT_CONVERSION = YES;
				CLANG_WARN_DEPRECATED_OBJC_IMPLEMENTATIONS = YES;
				CLANG_WARN_DIRECT_OBJC_ISA_USAGE = YES_ERROR;
				CLANG_WARN_DOCUMENTATION_COMMENTS = YES;
				CLANG_WARN_EMPTY_BODY = YES;
				CLANG_WARN_ENUM_CONVERSION = YES;
				CLANG_WARN_INFINITE_RECURSION = YES;
				CLANG_WARN_INT_CONVERSION = YES;
				CLANG_WARN_NON_LITERAL_NULL_CONVERSION = YES;
				CLANG_WARN_OBJC_IMPLICIT_RETAIN_SELF = YES;
				CLANG_WARN_OBJC_LITERAL_CONVERSION = YES;
				CLANG_WARN_OBJC_ROOT_CLASS = YES_ERROR;
				CLANG_WARN_QUOTED_INCLUDE_IN_FRAMEWORK_HEADER = YES;
				CLANG_WARN_RANGE_LOOP_ANALYSIS = YES;
				CLANG_WARN_STRICT_PROTOTYPES = YES;
				CLANG_WARN_SUSPICIOUS_MOVE = YES;
				CLANG_WARN_UNGUARDED_AVAILABILITY = YES_AGGRESSIVE;
				CLANG_WARN_UNREACHABLE_CODE = YES;
				CLANG_WARN__DUPLICATE_METHOD_MATCH = YES;
				COPY_PHASE_STRIP = NO;
				DEBUG_INFORMATION_FORMAT = "dwarf-with-dsym";
				ENABLE_NS_ASSERTIONS = NO;
				ENABLE_STRICT_OBJC_MSGSEND = YES;
				GCC_C_LANGUAGE_STANDARD = gnu11;
				GCC_NO_COMMON_BLOCKS = YES;
				GCC_WARN_64_TO_32_BIT_CONVERSION = YES;
				GCC_WARN_ABOUT_RETURN_TYPE = YES_ERROR;
				GCC_WARN_UNDECLARED_SELECTOR = YES;
				GCC_WARN_UNINITIALIZED_AUTOS = YES_AGGRESSIVE;
				GCC_WARN_UNUSED_FUNCTION = YES;
				GCC_WARN_UNUSED_VARIABLE = YES;
				IPHONEOS_DEPLOYMENT_TARGET = 14.4;
				MTL_ENABLE_DEBUG_INFO = NO;
				MTL_FAST_MATH = YES;
				SDKROOT = iphoneos;
				SWIFT_COMPILATION_MODE = wholemodule;
				SWIFT_OPTIMIZATION_LEVEL = "-O";
				VALIDATE_PRODUCT = YES;
			};
			name = Release;
		};
		419CD24625E43608000C0240 /* Debug */ = {
			isa = XCBuildConfiguration;
			buildSettings = {
				ASSETCATALOG_COMPILER_APPICON_NAME = AppIcon;
				ASSETCATALOG_COMPILER_GLOBAL_ACCENT_COLOR_NAME = AccentColor;
				CODE_SIGN_STYLE = Automatic;
				DEVELOPMENT_ASSET_PATHS = "\"Time_Tracker/Preview Content\"";
				DEVELOPMENT_TEAM = 56F54J4H3N;
				ENABLE_PREVIEWS = YES;
				INFOPLIST_FILE = Time_Tracker/Info.plist;
				IPHONEOS_DEPLOYMENT_TARGET = 14.0;
				LD_RUNPATH_SEARCH_PATHS = (
					"$(inherited)",
					"@executable_path/Frameworks",
				);
				PRODUCT_BUNDLE_IDENTIFIER = "MobileSoftwareSystems.Time-Tracker";
				PRODUCT_NAME = "$(TARGET_NAME)";
				SWIFT_VERSION = 5.0;
				TARGETED_DEVICE_FAMILY = "1,2";
			};
			name = Debug;
		};
		419CD24725E43608000C0240 /* Release */ = {
			isa = XCBuildConfiguration;
			buildSettings = {
				ASSETCATALOG_COMPILER_APPICON_NAME = AppIcon;
				ASSETCATALOG_COMPILER_GLOBAL_ACCENT_COLOR_NAME = AccentColor;
				CODE_SIGN_STYLE = Automatic;
				DEVELOPMENT_ASSET_PATHS = "\"Time_Tracker/Preview Content\"";
				DEVELOPMENT_TEAM = 56F54J4H3N;
				ENABLE_PREVIEWS = YES;
				INFOPLIST_FILE = Time_Tracker/Info.plist;
				IPHONEOS_DEPLOYMENT_TARGET = 14.0;
				LD_RUNPATH_SEARCH_PATHS = (
					"$(inherited)",
					"@executable_path/Frameworks",
				);
				PRODUCT_BUNDLE_IDENTIFIER = "MobileSoftwareSystems.Time-Tracker";
				PRODUCT_NAME = "$(TARGET_NAME)";
				SWIFT_VERSION = 5.0;
				TARGETED_DEVICE_FAMILY = "1,2";
			};
			name = Release;
		};
/* End XCBuildConfiguration section */

/* Begin XCConfigurationList section */
		419CD23125E43600000C0240 /* Build configuration list for PBXProject "Time_Tracker" */ = {
			isa = XCConfigurationList;
			buildConfigurations = (
				419CD24325E43608000C0240 /* Debug */,
				419CD24425E43608000C0240 /* Release */,
			);
			defaultConfigurationIsVisible = 0;
			defaultConfigurationName = Release;
		};
		419CD24525E43608000C0240 /* Build configuration list for PBXNativeTarget "Time_Tracker" */ = {
			isa = XCConfigurationList;
			buildConfigurations = (
				419CD24625E43608000C0240 /* Debug */,
				419CD24725E43608000C0240 /* Release */,
			);
			defaultConfigurationIsVisible = 0;
			defaultConfigurationName = Release;
		};
/* End XCConfigurationList section */
	};
	rootObject = 419CD22E25E43600000C0240 /* Project object */;
}
